
Microsoft Visual Studio Solution File, Format Version 12.00
# Visual Studio 15
VisualStudioVersion = 15.0.27130.2026
MinimumVisualStudioVersion = 10.0.40219.1
Project("{FAE04EC0-301F-11D3-BF4B-00C04F79EFBC}") = "OmegaInc.Framework.Entity", "OmegaInc.Framework.Entity.csproj", "{ECA8717B-7E42-40DA-9657-A6BD33C9EB7A}"
EndProject
Project("{FAE04EC0-301F-11D3-BF4B-00C04F79EFBC}") = "OmegaInc.Framework.Repository", "..\OmegaInc.Framework.Repository\OmegaInc.Framework.Repository.csproj", "{DF21C225-5F2B-46F5-9957-1FA5BD364B90}"
EndProject
Project("{FAE04EC0-301F-11D3-BF4B-00C04F79EFBC}") = "OmegaInc.Framework.Repository.Entity", "..\OmegaInc.Framework.Repository.Entity\OmegaInc.Framework.Repository.Entity.csproj", "{B8E361A4-A3A5-4036-8BC9-FA49F55D6B3A}"
EndProject
Global
	GlobalSection(SolutionConfigurationPlatforms) = preSolution
		Debug|Any CPU = Debug|Any CPU
		Release|Any CPU = Release|Any CPU
	EndGlobalSection
	GlobalSection(ProjectConfigurationPlatforms) = postSolution
		{ECA8717B-7E42-40DA-9657-A6BD33C9EB7A}.Debug|Any CPU.ActiveCfg = Debug|Any CPU
		{ECA8717B-7E42-40DA-9657-A6BD33C9EB7A}.Debug|Any CPU.Build.0 = Debug|Any CPU
		{ECA8717B-7E42-40DA-9657-A6BD33C9EB7A}.Release|Any CPU.ActiveCfg = Release|Any CPU
		{ECA8717B-7E42-40DA-9657-A6BD33C9EB7A}.Release|Any CPU.Build.0 = Release|Any CPU
		{DF21C225-5F2B-46F5-9957-1FA5BD364B90}.Debug|Any CPU.ActiveCfg = Debug|Any CPU
		{DF21C225-5F2B-46F5-9957-1FA5BD364B90}.Debug|Any CPU.Build.0 = Debug|Any CPU
		{DF21C225-5F2B-46F5-9957-1FA5BD364B90}.Release|Any CPU.ActiveCfg = Release|Any CPU
		{DF21C225-5F2B-46F5-9957-1FA5BD364B90}.Release|Any CPU.Build.0 = Release|Any CPU
		{B8E361A4-A3A5-4036-8BC9-FA49F55D6B3A}.Debug|Any CPU.ActiveCfg = Debug|Any CPU
		{B8E361A4-A3A5-4036-8BC9-FA49F55D6B3A}.Debug|Any CPU.Build.0 = Debug|Any CPU
		{B8E361A4-A3A5-4036-8BC9-FA49F55D6B3A}.Release|Any CPU.ActiveCfg = Release|Any CPU
		{B8E361A4-A3A5-4036-8BC9-FA49F55D6B3A}.Release|Any CPU.Build.0 = Release|Any CPU
	EndGlobalSection
	GlobalSection(SolutionProperties) = preSolution
		HideSolutionNode = FALSE
	EndGlobalSection
	GlobalSection(ExtensibilityGlobals) = postSolution
		SolutionGuid = {DDAEC764-3838-40F4-805D-AEEBDBB89E6D}
	EndGlobalSection
EndGlobal
